
Microsoft Visual Studio Solution File, Format Version 12.00
# Visual Studio Version 16
VisualStudioVersion = 16.0.30309.148
MinimumVisualStudioVersion = 10.0.40219.1
Project("{9A19103F-16F7-4668-BE54-9A1E7A4F7556}") = "01.Cinema", "01.Cinema\01.Cinema.csproj", "{33266EB1-A19D-467B-8BAA-757E9B5FDB27}"
EndProject
Project("{9A19103F-16F7-4668-BE54-9A1E7A4F7556}") = "02.SummerOutfit", "02.SummerOutfit\02.SummerOutfit.csproj", "{BD435C59-3A1C-4D4F-8722-598130FE319B}"
EndProject
Project("{FAE04EC0-301F-11D3-BF4B-00C04F79EFBC}") = "03.NewHouse", "03.NewHouse\03.NewHouse.csproj", "{18C51722-90BF-4C8D-8CE3-EC762B00C50F}"
EndProject
Global
	GlobalSection(SolutionConfigurationPlatforms) = preSolution
		Debug|Any CPU = Debug|Any CPU
		Release|Any CPU = Release|Any CPU
	EndGlobalSection
	GlobalSection(ProjectConfigurationPlatforms) = postSolution
		{33266EB1-A19D-467B-8BAA-757E9B5FDB27}.Debug|Any CPU.ActiveCfg = Debug|Any CPU
		{33266EB1-A19D-467B-8BAA-757E9B5FDB27}.Debug|Any CPU.Build.0 = Debug|Any CPU
		{33266EB1-A19D-467B-8BAA-757E9B5FDB27}.Release|Any CPU.ActiveCfg = Release|Any CPU
		{33266EB1-A19D-467B-8BAA-757E9B5FDB27}.Release|Any CPU.Build.0 = Release|Any CPU
		{BD435C59-3A1C-4D4F-8722-598130FE319B}.Debug|Any CPU.ActiveCfg = Debug|Any CPU
		{BD435C59-3A1C-4D4F-8722-598130FE319B}.Debug|Any CPU.Build.0 = Debug|Any CPU
		{BD435C59-3A1C-4D4F-8722-598130FE319B}.Release|Any CPU.ActiveCfg = Release|Any CPU
		{BD435C59-3A1C-4D4F-8722-598130FE319B}.Release|Any CPU.Build.0 = Release|Any CPU
		{18C51722-90BF-4C8D-8CE3-EC762B00C50F}.Debug|Any CPU.ActiveCfg = Debug|Any CPU
		{18C51722-90BF-4C8D-8CE3-EC762B00C50F}.Debug|Any CPU.Build.0 = Debug|Any CPU
		{18C51722-90BF-4C8D-8CE3-EC762B00C50F}.Release|Any CPU.ActiveCfg = Release|Any CPU
		{18C51722-90BF-4C8D-8CE3-EC762B00C50F}.Release|Any CPU.Build.0 = Release|Any CPU
	EndGlobalSection
	GlobalSection(SolutionProperties) = preSolution
		HideSolutionNode = FALSE
	EndGlobalSection
	GlobalSection(ExtensibilityGlobals) = postSolution
		SolutionGuid = {F9C1907C-B438-401F-A6DB-E6671FC20818}
	EndGlobalSection
EndGlobal
